
Microsoft Visual Studio Solution File, Format Version 12.00
# Visual Studio Version 16
VisualStudioVersion = 16.0.30011.22
MinimumVisualStudioVersion = 10.0.40219.1
Project("{FAE04EC0-301F-11D3-BF4B-00C04F79EFBC}") = "SimpleLog.HttpTrigger", "SimpleLog.HttpTrigger\SimpleLog.HttpTrigger.csproj", "{6BA6D4FF-0904-4BBB-BAF4-2A630F557261}"
EndProject
Global
	GlobalSection(SolutionConfigurationPlatforms) = preSolution
		Debug|Any CPU = Debug|Any CPU
		Release|Any CPU = Release|Any CPU
	EndGlobalSection
	GlobalSection(ProjectConfigurationPlatforms) = postSolution
		{6BA6D4FF-0904-4BBB-BAF4-2A630F557261}.Debug|Any CPU.ActiveCfg = Debug|Any CPU
		{6BA6D4FF-0904-4BBB-BAF4-2A630F557261}.Debug|Any CPU.Build.0 = Debug|Any CPU
		{6BA6D4FF-0904-4BBB-BAF4-2A630F557261}.Release|Any CPU.ActiveCfg = Release|Any CPU
		{6BA6D4FF-0904-4BBB-BAF4-2A630F557261}.Release|Any CPU.Build.0 = Release|Any CPU
	EndGlobalSection
	GlobalSection(SolutionProperties) = preSolution
		HideSolutionNode = FALSE
	EndGlobalSection
	GlobalSection(ExtensibilityGlobals) = postSolution
		SolutionGuid = {512BA4FA-99E9-455F-BB38-68DF0D0B6D20}
	EndGlobalSection
EndGlobal
